// !$*UTF8*$!
{
	archiveVersion = 1;
	classes = {
	};
	objectVersion = 46;
	objects = {

/* Begin PBXBuildFile section */
		D42EFB6A1F27B80E00D42D42 /* Forager.swift in Sources */ = {isa = PBXBuildFile; fileRef = D42EFB691F27B80E00D42D42 /* Forager.swift */; };
		D42EFB6C1F27CA7600D42D42 /* CBuffer.swift in Sources */ = {isa = PBXBuildFile; fileRef = D42EFB6B1F27CA7600D42D42 /* CBuffer.swift */; };
		D42EFBCB1F34D7E400D42D42 /* Archon.swift in Sources */ = {isa = PBXBuildFile; fileRef = D42EFBCA1F34D7E400D42D42 /* Archon.swift */; };
		D48239701F27AE4600E3ED67 /* XY.swift in Sources */ = {isa = PBXBuildFile; fileRef = D482396F1F27AE4600E3ED67 /* XY.swift */; };
		D4AF0FF41F2644D400FD239E /* AppDelegate.swift in Sources */ = {isa = PBXBuildFile; fileRef = D4AF0FF31F2644D400FD239E /* AppDelegate.swift */; };
		D4AF0FF61F2644D400FD239E /* GameScene.sks in Resources */ = {isa = PBXBuildFile; fileRef = D4AF0FF51F2644D400FD239E /* GameScene.sks */; };
		D4AF0FFA1F2644D400FD239E /* GameScene.swift in Sources */ = {isa = PBXBuildFile; fileRef = D4AF0FF91F2644D400FD239E /* GameScene.swift */; };
		D4AF0FFC1F2644D400FD239E /* ViewController.swift in Sources */ = {isa = PBXBuildFile; fileRef = D4AF0FFB1F2644D400FD239E /* ViewController.swift */; };
		D4AF0FFE1F2644D400FD239E /* Assets.xcassets in Resources */ = {isa = PBXBuildFile; fileRef = D4AF0FFD1F2644D400FD239E /* Assets.xcassets */; };
		D4AF10011F2644D400FD239E /* Main.storyboard in Resources */ = {isa = PBXBuildFile; fileRef = D4AF0FFF1F2644D400FD239E /* Main.storyboard */; };
		D4AF100C1F2644D400FD239E /* Archonia_SwiftTests.swift in Sources */ = {isa = PBXBuildFile; fileRef = D4AF100B1F2644D400FD239E /* Archonia_SwiftTests.swift */; };
		D4AF101F1F265A8000FD239E /* MannaParticle.swift in Sources */ = {isa = PBXBuildFile; fileRef = D4AF101E1F265A8000FD239E /* MannaParticle.swift */; };
		D4AF10211F265DDC00FD239E /* MannaGenerator.swift in Sources */ = {isa = PBXBuildFile; fileRef = D4AF10201F265DDC00FD239E /* MannaGenerator.swift */; };
		D4AF10231F265FD500FD239E /* Axioms.swift in Sources */ = {isa = PBXBuildFile; fileRef = D4AF10221F265FD500FD239E /* Axioms.swift */; };
/* End PBXBuildFile section */

/* Begin PBXContainerItemProxy section */
		D4AF10081F2644D400FD239E /* PBXContainerItemProxy */ = {
			isa = PBXContainerItemProxy;
			containerPortal = D4AF0FE81F2644D400FD239E /* Project object */;
			proxyType = 1;
			remoteGlobalIDString = D4AF0FEF1F2644D400FD239E;
			remoteInfo = Archonia_Swift;
		};
/* End PBXContainerItemProxy section */

/* Begin PBXFileReference section */
		D42EFB691F27B80E00D42D42 /* Forager.swift */ = {isa = PBXFileReference; fileEncoding = 4; lastKnownFileType = sourcecode.swift; name = Forager.swift; path = Phenotype/Forager.swift; sourceTree = "<group>"; };
		D42EFB6B1F27CA7600D42D42 /* CBuffer.swift */ = {isa = PBXFileReference; fileEncoding = 4; lastKnownFileType = sourcecode.swift; name = CBuffer.swift; path = Minions/CBuffer.swift; sourceTree = "<group>"; };
		D42EFBCA1F34D7E400D42D42 /* Archon.swift */ = {isa = PBXFileReference; fileEncoding = 4; lastKnownFileType = sourcecode.swift; name = Archon.swift; path = Phenotype/Archon.swift; sourceTree = "<group>"; };
		D482396F1F27AE4600E3ED67 /* XY.swift */ = {isa = PBXFileReference; fileEncoding = 4; lastKnownFileType = sourcecode.swift; name = XY.swift; path = Minions/XY.swift; sourceTree = "<group>"; };
		D4AF0FF01F2644D400FD239E /* Archonia_Swift.app */ = {isa = PBXFileReference; explicitFileType = wrapper.application; includeInIndex = 0; path = Archonia_Swift.app; sourceTree = BUILT_PRODUCTS_DIR; };
		D4AF0FF31F2644D400FD239E /* AppDelegate.swift */ = {isa = PBXFileReference; lastKnownFileType = sourcecode.swift; path = AppDelegate.swift; sourceTree = "<group>"; };
		D4AF0FF51F2644D400FD239E /* GameScene.sks */ = {isa = PBXFileReference; lastKnownFileType = file.sks; path = GameScene.sks; sourceTree = "<group>"; };
		D4AF0FF91F2644D400FD239E /* GameScene.swift */ = {isa = PBXFileReference; lastKnownFileType = sourcecode.swift; path = GameScene.swift; sourceTree = "<group>"; };
		D4AF0FFB1F2644D400FD239E /* ViewController.swift */ = {isa = PBXFileReference; lastKnownFileType = sourcecode.swift; path = ViewController.swift; sourceTree = "<group>"; };
		D4AF0FFD1F2644D400FD239E /* Assets.xcassets */ = {isa = PBXFileReference; lastKnownFileType = folder.assetcatalog; path = Assets.xcassets; sourceTree = "<group>"; };
		D4AF10001F2644D400FD239E /* Base */ = {isa = PBXFileReference; lastKnownFileType = file.storyboard; name = Base; path = Base.lproj/Main.storyboard; sourceTree = "<group>"; };
		D4AF10021F2644D400FD239E /* Info.plist */ = {isa = PBXFileReference; lastKnownFileType = text.plist.xml; path = Info.plist; sourceTree = "<group>"; };
		D4AF10071F2644D400FD239E /* Archonia_SwiftTests.xctest */ = {isa = PBXFileReference; explicitFileType = wrapper.cfbundle; includeInIndex = 0; path = Archonia_SwiftTests.xctest; sourceTree = BUILT_PRODUCTS_DIR; };
		D4AF100B1F2644D400FD239E /* Archonia_SwiftTests.swift */ = {isa = PBXFileReference; lastKnownFileType = sourcecode.swift; path = Archonia_SwiftTests.swift; sourceTree = "<group>"; };
		D4AF100D1F2644D400FD239E /* Info.plist */ = {isa = PBXFileReference; lastKnownFileType = text.plist.xml; path = Info.plist; sourceTree = "<group>"; };
		D4AF101E1F265A8000FD239E /* MannaParticle.swift */ = {isa = PBXFileReference; fileEncoding = 4; lastKnownFileType = sourcecode.swift; name = MannaParticle.swift; path = Cosmos/MannaParticle.swift; sourceTree = "<group>"; };
		D4AF10201F265DDC00FD239E /* MannaGenerator.swift */ = {isa = PBXFileReference; fileEncoding = 4; lastKnownFileType = sourcecode.swift; name = MannaGenerator.swift; path = Cosmos/MannaGenerator.swift; sourceTree = "<group>"; };
		D4AF10221F265FD500FD239E /* Axioms.swift */ = {isa = PBXFileReference; fileEncoding = 4; lastKnownFileType = sourcecode.swift; path = Axioms.swift; sourceTree = "<group>"; };
/* End PBXFileReference section */

/* Begin PBXFrameworksBuildPhase section */
		D4AF0FED1F2644D400FD239E /* Frameworks */ = {
			isa = PBXFrameworksBuildPhase;
			buildActionMask = 2147483647;
			files = (
			);
			runOnlyForDeploymentPostprocessing = 0;
		};
		D4AF10041F2644D400FD239E /* Frameworks */ = {
			isa = PBXFrameworksBuildPhase;
			buildActionMask = 2147483647;
			files = (
			);
			runOnlyForDeploymentPostprocessing = 0;
		};
/* End PBXFrameworksBuildPhase section */

/* Begin PBXGroup section */
		D4AF0FE71F2644D400FD239E = {
			isa = PBXGroup;
			children = (
				D4AF0FF21F2644D400FD239E /* Archonia_Swift */,
				D4AF100A1F2644D400FD239E /* Archonia_SwiftTests */,
				D4AF0FF11F2644D400FD239E /* Products */,
			);
			sourceTree = "<group>";
		};
		D4AF0FF11F2644D400FD239E /* Products */ = {
			isa = PBXGroup;
			children = (
				D4AF0FF01F2644D400FD239E /* Archonia_Swift.app */,
				D4AF10071F2644D400FD239E /* Archonia_SwiftTests.xctest */,
			);
			name = Products;
			sourceTree = "<group>";
		};
		D4AF0FF21F2644D400FD239E /* Archonia_Swift */ = {
			isa = PBXGroup;
			children = (
				D4AF101D1F265A6A00FD239E /* Cosmos */,
				D4AF101A1F264B5200FD239E /* Minions */,
				D4AF10161F2646BF00FD239E /* Phenotype */,
				D4AF0FF31F2644D400FD239E /* AppDelegate.swift */,
				D4AF0FF51F2644D400FD239E /* GameScene.sks */,
				D4AF0FF91F2644D400FD239E /* GameScene.swift */,
				D4AF0FFB1F2644D400FD239E /* ViewController.swift */,
				D4AF0FFD1F2644D400FD239E /* Assets.xcassets */,
				D4AF0FFF1F2644D400FD239E /* Main.storyboard */,
				D4AF10021F2644D400FD239E /* Info.plist */,
				D4AF10221F265FD500FD239E /* Axioms.swift */,
			);
			path = Archonia_Swift;
			sourceTree = "<group>";
		};
		D4AF100A1F2644D400FD239E /* Archonia_SwiftTests */ = {
			isa = PBXGroup;
			children = (
				D4AF100B1F2644D400FD239E /* Archonia_SwiftTests.swift */,
				D4AF100D1F2644D400FD239E /* Info.plist */,
			);
			path = Archonia_SwiftTests;
			sourceTree = "<group>";
		};
		D4AF10161F2646BF00FD239E /* Phenotype */ = {
			isa = PBXGroup;
			children = (
				D42EFBCA1F34D7E400D42D42 /* Archon.swift */,
				D42EFB691F27B80E00D42D42 /* Forager.swift */,
			);
			name = Phenotype;
			sourceTree = "<group>";
		};
		D4AF101A1F264B5200FD239E /* Minions */ = {
			isa = PBXGroup;
			children = (
				D482396F1F27AE4600E3ED67 /* XY.swift */,
				D42EFB6B1F27CA7600D42D42 /* CBuffer.swift */,
			);
			name = Minions;
			sourceTree = "<group>";
		};
		D4AF101D1F265A6A00FD239E /* Cosmos */ = {
			isa = PBXGroup;
			children = (
				D4AF101E1F265A8000FD239E /* MannaParticle.swift */,
				D4AF10201F265DDC00FD239E /* MannaGenerator.swift */,
			);
			name = Cosmos;
			sourceTree = "<group>";
		};
/* End PBXGroup section */

/* Begin PBXNativeTarget section */
		D4AF0FEF1F2644D400FD239E /* Archonia_Swift */ = {
			isa = PBXNativeTarget;
			buildConfigurationList = D4AF10101F2644D400FD239E /* Build configuration list for PBXNativeTarget "Archonia_Swift" */;
			buildPhases = (
				D4AF0FEC1F2644D400FD239E /* Sources */,
				D4AF0FED1F2644D400FD239E /* Frameworks */,
				D4AF0FEE1F2644D400FD239E /* Resources */,
			);
			buildRules = (
			);
			dependencies = (
			);
			name = Archonia_Swift;
			productName = Archonia_Swift;
			productReference = D4AF0FF01F2644D400FD239E /* Archonia_Swift.app */;
			productType = "com.apple.product-type.application";
		};
		D4AF10061F2644D400FD239E /* Archonia_SwiftTests */ = {
			isa = PBXNativeTarget;
			buildConfigurationList = D4AF10131F2644D400FD239E /* Build configuration list for PBXNativeTarget "Archonia_SwiftTests" */;
			buildPhases = (
				D4AF10031F2644D400FD239E /* Sources */,
				D4AF10041F2644D400FD239E /* Frameworks */,
				D4AF10051F2644D400FD239E /* Resources */,
			);
			buildRules = (
			);
			dependencies = (
				D4AF10091F2644D400FD239E /* PBXTargetDependency */,
			);
			name = Archonia_SwiftTests;
			productName = Archonia_SwiftTests;
			productReference = D4AF10071F2644D400FD239E /* Archonia_SwiftTests.xctest */;
			productType = "com.apple.product-type.bundle.unit-test";
		};
/* End PBXNativeTarget section */

/* Begin PBXProject section */
		D4AF0FE81F2644D400FD239E /* Project object */ = {
			isa = PBXProject;
			attributes = {
				LastSwiftUpdateCheck = 0830;
				LastUpgradeCheck = 0830;
				ORGANIZATIONNAME = "Rob Bishop";
				TargetAttributes = {
					D4AF0FEF1F2644D400FD239E = {
						CreatedOnToolsVersion = 8.3.3;
						DevelopmentTeam = DD983V4X84;
						ProvisioningStyle = Automatic;
					};
					D4AF10061F2644D400FD239E = {
						CreatedOnToolsVersion = 8.3.3;
						DevelopmentTeam = DD983V4X84;
						ProvisioningStyle = Automatic;
						TestTargetID = D4AF0FEF1F2644D400FD239E;
					};
				};
			};
			buildConfigurationList = D4AF0FEB1F2644D400FD239E /* Build configuration list for PBXProject "Archonia_Swift" */;
			compatibilityVersion = "Xcode 3.2";
			developmentRegion = English;
			hasScannedForEncodings = 0;
			knownRegions = (
				en,
				Base,
			);
			mainGroup = D4AF0FE71F2644D400FD239E;
			productRefGroup = D4AF0FF11F2644D400FD239E /* Products */;
			projectDirPath = "";
			projectRoot = "";
			targets = (
				D4AF0FEF1F2644D400FD239E /* Archonia_Swift */,
				D4AF10061F2644D400FD239E /* Archonia_SwiftTests */,
			);
		};
/* End PBXProject section */

/* Begin PBXResourcesBuildPhase section */
		D4AF0FEE1F2644D400FD239E /* Resources */ = {
			isa = PBXResourcesBuildPhase;
			buildActionMask = 2147483647;
			files = (
				D4AF0FF61F2644D400FD239E /* GameScene.sks in Resources */,
				D4AF0FFE1F2644D400FD239E /* Assets.xcassets in Resources */,
				D4AF10011F2644D400FD239E /* Main.storyboard in Resources */,
			);
			runOnlyForDeploymentPostprocessing = 0;
		};
		D4AF10051F2644D400FD239E /* Resources */ = {
			isa = PBXResourcesBuildPhase;
			buildActionMask = 2147483647;
			files = (
			);
			runOnlyForDeploymentPostprocessing = 0;
		};
/* End PBXResourcesBuildPhase section */

/* Begin PBXSourcesBuildPhase section */
		D4AF0FEC1F2644D400FD239E /* Sources */ = {
			isa = PBXSourcesBuildPhase;
			buildActionMask = 2147483647;
			files = (
				D42EFBCB1F34D7E400D42D42 /* Archon.swift in Sources */,
				D4AF10231F265FD500FD239E /* Axioms.swift in Sources */,
				D4AF0FFC1F2644D400FD239E /* ViewController.swift in Sources */,
				D42EFB6A1F27B80E00D42D42 /* Forager.swift in Sources */,
				D4AF10211F265DDC00FD239E /* MannaGenerator.swift in Sources */,
				D4AF0FFA1F2644D400FD239E /* GameScene.swift in Sources */,
				D42EFB6C1F27CA7600D42D42 /* CBuffer.swift in Sources */,
				D48239701F27AE4600E3ED67 /* XY.swift in Sources */,
				D4AF0FF41F2644D400FD239E /* AppDelegate.swift in Sources */,
				D4AF101F1F265A8000FD239E /* MannaParticle.swift in Sources */,
			);
			runOnlyForDeploymentPostprocessing = 0;
		};
		D4AF10031F2644D400FD239E /* Sources */ = {
			isa = PBXSourcesBuildPhase;
			buildActionMask = 2147483647;
			files = (
				D4AF100C1F2644D400FD239E /* Archonia_SwiftTests.swift in Sources */,
			);
			runOnlyForDeploymentPostprocessing = 0;
		};
/* End PBXSourcesBuildPhase section */

/* Begin PBXTargetDependency section */
		D4AF10091F2644D400FD239E /* PBXTargetDependency */ = {
			isa = PBXTargetDependency;
			target = D4AF0FEF1F2644D400FD239E /* Archonia_Swift */;
			targetProxy = D4AF10081F2644D400FD239E /* PBXContainerItemProxy */;
		};
/* End PBXTargetDependency section */

/* Begin PBXVariantGroup section */
		D4AF0FFF1F2644D400FD239E /* Main.storyboard */ = {
			isa = PBXVariantGroup;
			children = (
				D4AF10001F2644D400FD239E /* Base */,
			);
			name = Main.storyboard;
			sourceTree = "<group>";
		};
/* End PBXVariantGroup section */

/* Begin XCBuildConfiguration section */
		D4AF100E1F2644D400FD239E /* Debug */ = {
			isa = XCBuildConfiguration;
			buildSettings = {
				ALWAYS_SEARCH_USER_PATHS = NO;
				CLANG_ANALYZER_NONNULL = YES;
				CLANG_ANALYZER_NUMBER_OBJECT_CONVERSION = YES_AGGRESSIVE;
				CLANG_CXX_LANGUAGE_STANDARD = "gnu++0x";
				CLANG_CXX_LIBRARY = "libc++";
				CLANG_ENABLE_MODULES = YES;
				CLANG_ENABLE_OBJC_ARC = YES;
				CLANG_WARN_BOOL_CONVERSION = YES;
				CLANG_WARN_CONSTANT_CONVERSION = YES;
				CLANG_WARN_DIRECT_OBJC_ISA_USAGE = YES_ERROR;
				CLANG_WARN_DOCUMENTATION_COMMENTS = YES;
				CLANG_WARN_EMPTY_BODY = YES;
				CLANG_WARN_ENUM_CONVERSION = YES;
				CLANG_WARN_INFINITE_RECURSION = YES;
				CLANG_WARN_INT_CONVERSION = YES;
				CLANG_WARN_OBJC_ROOT_CLASS = YES_ERROR;
				CLANG_WARN_SUSPICIOUS_MOVE = YES;
				CLANG_WARN_UNREACHABLE_CODE = YES;
				CLANG_WARN__DUPLICATE_METHOD_MATCH = YES;
				CODE_SIGN_IDENTITY = "-";
				COPY_PHASE_STRIP = NO;
				DEBUG_INFORMATION_FORMAT = dwarf;
				ENABLE_STRICT_OBJC_MSGSEND = YES;
				ENABLE_TESTABILITY = YES;
				GCC_C_LANGUAGE_STANDARD = gnu99;
				GCC_DYNAMIC_NO_PIC = NO;
				GCC_NO_COMMON_BLOCKS = YES;
				GCC_OPTIMIZATION_LEVEL = 0;
				GCC_PREPROCESSOR_DEFINITIONS = (
					"DEBUG=1",
					"$(inherited)",
				);
				GCC_WARN_64_TO_32_BIT_CONVERSION = YES;
				GCC_WARN_ABOUT_RETURN_TYPE = YES_ERROR;
				GCC_WARN_UNDECLARED_SELECTOR = YES;
				GCC_WARN_UNINITIALIZED_AUTOS = YES_AGGRESSIVE;
				GCC_WARN_UNUSED_FUNCTION = YES;
				GCC_WARN_UNUSED_VARIABLE = YES;
				MACOSX_DEPLOYMENT_TARGET = 10.12;
				MTL_ENABLE_DEBUG_INFO = YES;
				ONLY_ACTIVE_ARCH = YES;
				SDKROOT = macosx;
				SWIFT_ACTIVE_COMPILATION_CONDITIONS = DEBUG;
				SWIFT_OPTIMIZATION_LEVEL = "-Onone";
			};
			name = Debug;
		};
		D4AF100F1F2644D400FD239E /* Release */ = {
			isa = XCBuildConfiguration;
			buildSettings = {
				ALWAYS_SEARCH_USER_PATHS = NO;
				CLANG_ANALYZER_NONNULL = YES;
				CLANG_ANALYZER_NUMBER_OBJECT_CONVERSION = YES_AGGRESSIVE;
				CLANG_CXX_LANGUAGE_STANDARD = "gnu++0x";
				CLANG_CXX_LIBRARY = "libc++";
				CLANG_ENABLE_MODULES = YES;
				CLANG_ENABLE_OBJC_ARC = YES;
				CLANG_WARN_BOOL_CONVERSION = YES;
				CLANG_WARN_CONSTANT_CONVERSION = YES;
				CLANG_WARN_DIRECT_OBJC_ISA_USAGE = YES_ERROR;
				CLANG_WARN_DOCUMENTATION_COMMENTS = YES;
				CLANG_WARN_EMPTY_BODY = YES;
				CLANG_WARN_ENUM_CONVERSION = YES;
				CLANG_WARN_INFINITE_RECURSION = YES;
				CLANG_WARN_INT_CONVERSION = YES;
				CLANG_WARN_OBJC_ROOT_CLASS = YES_ERROR;
				CLANG_WARN_SUSPICIOUS_MOVE = YES;
				CLANG_WARN_UNREACHABLE_CODE = YES;
				CLANG_WARN__DUPLICATE_METHOD_MATCH = YES;
				CODE_SIGN_IDENTITY = "-";
				COPY_PHASE_STRIP = NO;
				DEBUG_INFORMATION_FORMAT = "dwarf-with-dsym";
				ENABLE_NS_ASSERTIONS = NO;
				ENABLE_STRICT_OBJC_MSGSEND = YES;
				GCC_C_LANGUAGE_STANDARD = gnu99;
				GCC_NO_COMMON_BLOCKS = YES;
				GCC_WARN_64_TO_32_BIT_CONVERSION = YES;
				GCC_WARN_ABOUT_RETURN_TYPE = YES_ERROR;
				GCC_WARN_UNDECLARED_SELECTOR = YES;
				GCC_WARN_UNINITIALIZED_AUTOS = YES_AGGRESSIVE;
				GCC_WARN_UNUSED_FUNCTION = YES;
				GCC_WARN_UNUSED_VARIABLE = YES;
				MACOSX_DEPLOYMENT_TARGET = 10.12;
				MTL_ENABLE_DEBUG_INFO = NO;
				SDKROOT = macosx;
				SWIFT_OPTIMIZATION_LEVEL = "-Owholemodule";
			};
			name = Release;
		};
		D4AF10111F2644D400FD239E /* Debug */ = {
			isa = XCBuildConfiguration;
			buildSettings = {
				ASSETCATALOG_COMPILER_APPICON_NAME = AppIcon;
				COMBINE_HIDPI_IMAGES = YES;
				DEVELOPMENT_TEAM = DD983V4X84;
				INFOPLIST_FILE = Archonia_Swift/Info.plist;
				LD_RUNPATH_SEARCH_PATHS = "$(inherited) @executable_path/../Frameworks";
				PRODUCT_BUNDLE_IDENTIFIER = "com.BoringSoftware.Archonia-Swift";
				PRODUCT_NAME = "$(TARGET_NAME)";
				SWIFT_VERSION = 3.0;
			};
			name = Debug;
		};
		D4AF10121F2644D400FD239E /* Release */ = {
			isa = XCBuildConfiguration;
			buildSettings = {
				ASSETCATALOG_COMPILER_APPICON_NAME = AppIcon;
				COMBINE_HIDPI_IMAGES = YES;
				DEVELOPMENT_TEAM = DD983V4X84;
				INFOPLIST_FILE = Archonia_Swift/Info.plist;
				LD_RUNPATH_SEARCH_PATHS = "$(inherited) @executable_path/../Frameworks";
				PRODUCT_BUNDLE_IDENTIFIER = "com.BoringSoftware.Archonia-Swift";
				PRODUCT_NAME = "$(TARGET_NAME)";
				SWIFT_VERSION = 3.0;
			};
			name = Release;
		};
		D4AF10141F2644D400FD239E /* Debug */ = {
			isa = XCBuildConfiguration;
			buildSettings = {
				ALWAYS_EMBED_SWIFT_STANDARD_LIBRARIES = YES;
				BUNDLE_LOADER = "$(TEST_HOST)";
				COMBINE_HIDPI_IMAGES = YES;
				DEVELOPMENT_TEAM = DD983V4X84;
				INFOPLIST_FILE = Archonia_SwiftTests/Info.plist;
				LD_RUNPATH_SEARCH_PATHS = "$(inherited) @executable_path/../Frameworks @loader_path/../Frameworks";
				PRODUCT_BUNDLE_IDENTIFIER = "com.BoringSoftware.Archonia-SwiftTests";
				PRODUCT_NAME = "$(TARGET_NAME)";
				SWIFT_VERSION = 3.0;
				TEST_HOST = "$(BUILT_PRODUCTS_DIR)/Archonia_Swift.app/Contents/MacOS/Archonia_Swift";
			};
			name = Debug;
		};
		D4AF10151F2644D400FD239E /* Release */ = {
			isa = XCBuildConfiguration;
			buildSettings = {
				ALWAYS_EMBED_SWIFT_STANDARD_LIBRARIES = YES;
				BUNDLE_LOADER = "$(TEST_HOST)";
				COMBINE_HIDPI_IMAGES = YES;
				DEVELOPMENT_TEAM = DD983V4X84;
				INFOPLIST_FILE = Archonia_SwiftTests/Info.plist;
				LD_RUNPATH_SEARCH_PATHS = "$(inherited) @executable_path/../Frameworks @loader_path/../Frameworks";
				PRODUCT_BUNDLE_IDENTIFIER = "com.BoringSoftware.Archonia-SwiftTests";
				PRODUCT_NAME = "$(TARGET_NAME)";
				SWIFT_VERSION = 3.0;
				TEST_HOST = "$(BUILT_PRODUCTS_DIR)/Archonia_Swift.app/Contents/MacOS/Archonia_Swift";
			};
			name = Release;
		};
/* End XCBuildConfiguration section */

/* Begin XCConfigurationList section */
		D4AF0FEB1F2644D400FD239E /* Build configuration list for PBXProject "Archonia_Swift" */ = {
			isa = XCConfigurationList;
			buildConfigurations = (
				D4AF100E1F2644D400FD239E /* Debug */,
				D4AF100F1F2644D400FD239E /* Release */,
			);
			defaultConfigurationIsVisible = 0;
			defaultConfigurationName = Release;
		};
		D4AF10101F2644D400FD239E /* Build configuration list for PBXNativeTarget "Archonia_Swift" */ = {
			isa = XCConfigurationList;
			buildConfigurations = (
				D4AF10111F2644D400FD239E /* Debug */,
				D4AF10121F2644D400FD239E /* Release */,
			);
			defaultConfigurationIsVisible = 0;
			defaultConfigurationName = Release;
		};
		D4AF10131F2644D400FD239E /* Build configuration list for PBXNativeTarget "Archonia_SwiftTests" */ = {
			isa = XCConfigurationList;
			buildConfigurations = (
				D4AF10141F2644D400FD239E /* Debug */,
				D4AF10151F2644D400FD239E /* Release */,
			);
			defaultConfigurationIsVisible = 0;
			defaultConfigurationName = Release;
		};
/* End XCConfigurationList section */
	};
	rootObject = D4AF0FE81F2644D400FD239E /* Project object */;
}
